# This file is autogenerated, do not edit; changes may be undone by the next 'dep ensure'.


[[projects]]
  digest = "1:ffe9824d294da03b391f44e1ae8281281b4afc1bdaa9588c9097785e3af10cec"
  name = "github.com/davecgh/go-spew"
  packages = ["spew"]
  pruneopts = "UT"
  revision = "8991bc29aa16c548c550c7ff78260e27b9ab7c73"
  version = "v1.1.1"

[[projects]]
  digest = "1:582e25eccee928dc12416ea4c23b6dae8f3b5687730632aa1473ebebe80a2359"
  name = "github.com/gogo/protobuf"
  packages = [
    "proto",
    "sortkeys",
  ]
  pruneopts = "UT"
  revision = "5628607bb4c51c3157aacc3a50f0ab707582b805"
  version = "v1.3.1"

[[projects]]
  digest = "1:9e1f58e0d3991f12e7b532161f56dc12c633fb01802ec60520d877599c2af2c5"
  name = "github.com/golang/protobuf"
  packages = ["proto"]
  pruneopts = "UT"
  revision = "d04d7b157bb510b1e0c10132224b616ac0e26b17"
  version = "v1.4.2"

[[projects]]
  digest = "1:a6181aca1fd5e27103f9a920876f29ac72854df7345a39f3b01e61c8c94cc8af"
  name = "github.com/google/gofuzz"
  packages = ["."]
  pruneopts = "UT"
  revision = "f140a6486e521aad38f5917de355cbf147cc0496"
  version = "v1.0.0"

[[projects]]
  digest = "1:3e260afa138eab6492b531a3b3d10ab4cb70512d423faa78b8949dec76e66a21"
  name = "github.com/imdario/mergo"
  packages = ["."]
  pruneopts = "UT"
  revision = "9316a62528ac99aaecb4e47eadd6dc8aa6533d58"
  version = "v0.3.5"

[[projects]]
  digest = "1:beb5b4f42a25056f0aa291b5eadd21e2f2903a05d15dfe7caf7eaee7e12fa972"
  name = "github.com/json-iterator/go"
  packages = ["."]
  pruneopts = "UT"
  revision = "03217c3e97663914aec3faafde50d081f197a0a2"
  version = "v1.1.8"

[[projects]]
  digest = "1:33422d238f147d247752996a26574ac48dcf472976eda7f5134015f06bf16563"
  name = "github.com/modern-go/concurrent"
  packages = ["."]
  pruneopts = "UT"
  revision = "bacd9c7ef1dd9b15be4a9909b8ac7a4e313eec94"
  version = "1.0.3"

[[projects]]
  digest = "1:c56ad36f5722eb07926c979d5e80676ee007a9e39e7808577b9d87ec92b00460"
  name = "github.com/modern-go/reflect2"
  packages = ["."]
  pruneopts = "UT"
  revision = "94122c33edd36123c84d5368cfb2b69df93a0ec8"
  version = "v1.0.1"

[[projects]]
  branch = "master"
  digest = "1:63de72dc51f52d4e327b406fd8928d2922f03f35e112ea04ac3d45ce0e490c55"
  name = "github.com/pableeee/k8s-simple-wrapper"
  packages = ["cmd"]
  pruneopts = "UT"
  revision = "a4c95973a6699484a8fb1449a01659e5d94f4c9c"

[[projects]]
  digest = "1:9424f440bba8f7508b69414634aef3b2b3a877e522d8a4624692412805407bb7"
  name = "github.com/spf13/pflag"
  packages = ["."]
  pruneopts = "UT"
  revision = "583c0c0531f06d5278b7d917446061adc344b5cd"
  version = "v1.0.1"

[[projects]]
  digest = "1:3f3a05ae0b95893d90b9b3b5afdb79a9b3d96e4e36e099d841ae602e4aca0da8"
  name = "golang.org/x/crypto"
  packages = ["ssh/terminal"]
  pruneopts = "UT"
  revision = "e84da0312774"

[[projects]]
  branch = "master"
  digest = "1:21303a5b8f2e90963dcfc19d01139f1d279f182937ecd108adaf70b71c290d39"
  name = "golang.org/x/net"
  packages = [
    "context",
    "context/ctxhttp",
    "http/httpguts",
    "http2",
    "http2/hpack",
    "idna",
  ]
  pruneopts = "UT"
  revision = "ab34263943818b32f575efc978a3d24e80b04bd7"

[[projects]]
  digest = "1:9927d6aceb89d188e21485f42a7a254e67e6fdcf4260aba375fe18e3c300dfb4"
  name = "golang.org/x/oauth2"
  packages = [
    ".",
    "internal",
  ]
  pruneopts = "UT"
  revision = "9f3314589c9a"

[[projects]]
  branch = "master"
  digest = "1:3b03c3fa38e245688e9c446725a6c88fc0b48b3b39769fb66f640f3fd1908a46"
  name = "golang.org/x/sys"
  packages = [
    "internal/unsafeheader",
    "unix",
    "windows",
  ]
  pruneopts = "UT"
  revision = "ddb9806d33aed8dbaac1cd6f1cba58952e87f933"

[[projects]]
  digest = "1:fa940333c48808b0d86ef21f412ffcfd0e5084a82f13905c028a404803b1908f"
  name = "golang.org/x/text"
  packages = [
    "collate",
    "collate/build",
    "internal/colltab",
    "internal/gen",
    "internal/language",
    "internal/language/compact",
    "internal/tag",
    "internal/triegen",
    "internal/ucd",
    "language",
    "secure/bidirule",
    "transform",
    "unicode/bidi",
    "unicode/cldr",
    "unicode/norm",
    "unicode/rangetable",
  ]
  pruneopts = "UT"
  revision = "23ae387dee1f90d29a23c0e87ee0b46038fbed0e"
  version = "v0.3.3"

[[projects]]
  digest = "1:d37b0ef2944431fe9e8ef35c6fffc8990d9e2ca300588df94a6890f3649ae365"
  name = "golang.org/x/time"
  packages = ["rate"]
  pruneopts = "UT"
  revision = "f51c12702a4d"

[[projects]]
  digest = "1:15bbb120d95283019f8891f2762fab3e735075b2cf9b378497277d2fe6c4abca"
  name = "google.golang.org/appengine"
  packages = [
    "internal",
    "internal/base",
    "internal/datastore",
    "internal/log",
    "internal/remote_api",
    "internal/urlfetch",
    "urlfetch",
  ]
  pruneopts = "UT"
  revision = "553959209a20f3be281c16dd5be5c740a893978f"
  version = "v1.6.6"

[[projects]]
  digest = "1:cccb3a18e62abaccd19c309fc01a69da2509719f5a453cb2e66969f670503245"
  name = "google.golang.org/protobuf"
  packages = [
    "encoding/prototext",
    "encoding/protowire",
    "internal/descfmt",
    "internal/descopts",
    "internal/detrand",
    "internal/encoding/defval",
    "internal/encoding/messageset",
    "internal/encoding/tag",
    "internal/encoding/text",
    "internal/errors",
    "internal/fieldsort",
    "internal/filedesc",
    "internal/filetype",
    "internal/flags",
    "internal/genid",
    "internal/impl",
    "internal/mapsort",
    "internal/pragma",
    "internal/set",
    "internal/strs",
    "internal/version",
    "proto",
    "reflect/protoreflect",
    "reflect/protoregistry",
    "runtime/protoiface",
    "runtime/protoimpl",
  ]
  pruneopts = "UT"
  revision = "3f7a61f89bb6813f89d981d1870ed68da0b3c3f1"
  version = "v1.25.0"

[[projects]]
  digest = "1:2d1fbdc6777e5408cabeb02bf336305e724b925ff4546ded0fa8715a7267922a"
  name = "gopkg.in/inf.v0"
  packages = ["."]
  pruneopts = "UT"
  revision = "d2d2541c53f18d2a059457998ce2876cc8e67cbf"
  version = "v0.9.1"

[[projects]]
  digest = "1:d7f1bd887dc650737a421b872ca883059580e9f8314d601f88025df4f4802dce"
  name = "gopkg.in/yaml.v2"
  packages = ["."]
  pruneopts = "UT"
  revision = "0b1645d91e851e735d3e23330303ce81f70adbe3"
  version = "v2.3.0"

[[projects]]
  digest = "1:938ba1f37993034c49c10d3a1fd85a78acc481749d84f580e96e2b9829305d50"
  name = "k8s.io/api"
  packages = ["core/v1"]
  pruneopts = "UT"
  revision = "f822fed505d4c9dd4eb2c5f4ca2f4c49c19ea394"
  version = "v0.18.6"

[[projects]]
  digest = "1:8938fcbadb6c89164d3b08ce6e1592fb23c487729bada928b0053f64528644c0"
  name = "k8s.io/apimachinery"
  packages = [
    "pkg/api/errors",
    "pkg/api/meta",
    "pkg/api/resource",
    "pkg/apis/meta/v1",
    "pkg/apis/meta/v1/unstructured",
    "pkg/conversion",
    "pkg/conversion/queryparams",
    "pkg/fields",
    "pkg/labels",
    "pkg/runtime",
    "pkg/runtime/schema",
    "pkg/runtime/serializer",
    "pkg/runtime/serializer/json",
    "pkg/runtime/serializer/protobuf",
    "pkg/runtime/serializer/recognizer",
    "pkg/runtime/serializer/streaming",
    "pkg/runtime/serializer/versioning",
    "pkg/selection",
    "pkg/types",
    "pkg/util/clock",
    "pkg/util/errors",
    "pkg/util/framer",
    "pkg/util/intstr",
    "pkg/util/json",
    "pkg/util/naming",
    "pkg/util/net",
    "pkg/util/runtime",
    "pkg/util/sets",
    "pkg/util/validation",
    "pkg/util/validation/field",
    "pkg/util/yaml",
    "pkg/version",
    "pkg/watch",
    "third_party/forked/golang/reflect",
  ]
  pruneopts = "UT"
  revision = "fbe88689c3c2735e949f67884a4f58cb99379159"
  version = "v0.17.9"

[[projects]]
  digest = "1:7150f665791435df773b39fc1345a61e6235dda1cd9c0eacabddccf0df0e7f05"
  name = "k8s.io/client-go"
  packages = [
    "dynamic",
    "pkg/apis/clientauthentication",
    "pkg/apis/clientauthentication/v1alpha1",
    "pkg/apis/clientauthentication/v1beta1",
    "pkg/version",
    "plugin/pkg/client/auth/exec",
    "rest",
    "rest/watch",
    "tools/auth",
    "tools/clientcmd",
    "tools/clientcmd/api",
    "tools/clientcmd/api/latest",
    "tools/clientcmd/api/v1",
    "tools/metrics",
    "transport",
    "util/cert",
    "util/connrotation",
    "util/flowcontrol",
    "util/homedir",
    "util/keyutil",
  ]
  pruneopts = "UT"
  revision = "78d2af792babf2dd937ba2e2a8d99c753a5eda89"
  version = "v12.0.0"

[[projects]]
  digest = "1:93e82f25d75aba18436ad1ac042cb49493f096011f2541075721ed6f9e05c044"
  name = "k8s.io/klog"
  packages = ["."]
  pruneopts = "UT"
  revision = "2ca9ad30301bf30a8a6e0fa2110db6b8df699a91"
  version = "v1.0.0"

[[projects]]
  digest = "1:8b40227d4bf8b431fdab4f9026e6e346f00ac3be5662af367a183f78c57660b3"
  name = "k8s.io/utils"
  packages = ["integer"]
  pruneopts = "UT"
  revision = "c2654d5206da"

[[projects]]
  digest = "1:7719608fe0b52a4ece56c2dde37bedd95b938677d1ab0f84b8a7852e4c59f849"
  name = "sigs.k8s.io/yaml"
  packages = ["."]
  pruneopts = "UT"
  revision = "fd68e9863619f6ec2fdd8625fe1f02e7c877e480"
  version = "v1.1.0"

[solve-meta]
  analyzer-name = "dep"
  analyzer-version = 1
  input-imports = ["github.com/pableeee/k8s-simple-wrapper/cmd"]
  solver-name = "gps-cdcl"
  solver-version = 1
